
Microsoft Visual Studio Solution File, Format Version 12.00
# Visual Studio 15
VisualStudioVersion = 15.0.26124.0
MinimumVisualStudioVersion = 15.0.26124.0
Project("{FAE04EC0-301F-11D3-BF4B-00C04F79EFBC}") = "PrimeList", "PrimeList.Core\PrimeList.csproj", "{05048F9B-1390-4E2B-831A-5A431AACDA60}"
EndProject
Project("{FAE04EC0-301F-11D3-BF4B-00C04F79EFBC}") = "PrimeList.Test", "PrimeList.Test\PrimeList.Test.csproj", "{6F530F93-4C34-4350-BAA8-55CB4D963A8A}"
EndProject
Global
	GlobalSection(SolutionConfigurationPlatforms) = preSolution
		Debug|Any CPU = Debug|Any CPU
		Debug|x64 = Debug|x64
		Debug|x86 = Debug|x86
		Release|Any CPU = Release|Any CPU
		Release|x64 = Release|x64
		Release|x86 = Release|x86
	EndGlobalSection
	GlobalSection(SolutionProperties) = preSolution
		HideSolutionNode = FALSE
	EndGlobalSection
	GlobalSection(ProjectConfigurationPlatforms) = postSolution
		{05048F9B-1390-4E2B-831A-5A431AACDA60}.Debug|Any CPU.ActiveCfg = Debug|Any CPU
		{05048F9B-1390-4E2B-831A-5A431AACDA60}.Debug|Any CPU.Build.0 = Debug|Any CPU
		{05048F9B-1390-4E2B-831A-5A431AACDA60}.Debug|x64.ActiveCfg = Debug|Any CPU
		{05048F9B-1390-4E2B-831A-5A431AACDA60}.Debug|x64.Build.0 = Debug|Any CPU
		{05048F9B-1390-4E2B-831A-5A431AACDA60}.Debug|x86.ActiveCfg = Debug|Any CPU
		{05048F9B-1390-4E2B-831A-5A431AACDA60}.Debug|x86.Build.0 = Debug|Any CPU
		{05048F9B-1390-4E2B-831A-5A431AACDA60}.Release|Any CPU.ActiveCfg = Release|Any CPU
		{05048F9B-1390-4E2B-831A-5A431AACDA60}.Release|Any CPU.Build.0 = Release|Any CPU
		{05048F9B-1390-4E2B-831A-5A431AACDA60}.Release|x64.ActiveCfg = Release|Any CPU
		{05048F9B-1390-4E2B-831A-5A431AACDA60}.Release|x64.Build.0 = Release|Any CPU
		{05048F9B-1390-4E2B-831A-5A431AACDA60}.Release|x86.ActiveCfg = Release|Any CPU
		{05048F9B-1390-4E2B-831A-5A431AACDA60}.Release|x86.Build.0 = Release|Any CPU
		{6F530F93-4C34-4350-BAA8-55CB4D963A8A}.Debug|Any CPU.ActiveCfg = Debug|Any CPU
		{6F530F93-4C34-4350-BAA8-55CB4D963A8A}.Debug|Any CPU.Build.0 = Debug|Any CPU
		{6F530F93-4C34-4350-BAA8-55CB4D963A8A}.Debug|x64.ActiveCfg = Debug|Any CPU
		{6F530F93-4C34-4350-BAA8-55CB4D963A8A}.Debug|x64.Build.0 = Debug|Any CPU
		{6F530F93-4C34-4350-BAA8-55CB4D963A8A}.Debug|x86.ActiveCfg = Debug|Any CPU
		{6F530F93-4C34-4350-BAA8-55CB4D963A8A}.Debug|x86.Build.0 = Debug|Any CPU
		{6F530F93-4C34-4350-BAA8-55CB4D963A8A}.Release|Any CPU.ActiveCfg = Release|Any CPU
		{6F530F93-4C34-4350-BAA8-55CB4D963A8A}.Release|Any CPU.Build.0 = Release|Any CPU
		{6F530F93-4C34-4350-BAA8-55CB4D963A8A}.Release|x64.ActiveCfg = Release|Any CPU
		{6F530F93-4C34-4350-BAA8-55CB4D963A8A}.Release|x64.Build.0 = Release|Any CPU
		{6F530F93-4C34-4350-BAA8-55CB4D963A8A}.Release|x86.ActiveCfg = Release|Any CPU
		{6F530F93-4C34-4350-BAA8-55CB4D963A8A}.Release|x86.Build.0 = Release|Any CPU
	EndGlobalSection
EndGlobal
